// !$*UTF8*$!
{
	archiveVersion = 1;
	classes = {
	};
	objectVersion = 48;
	objects = {

/* Begin PBXBuildFile section */
		2BCC434A38D644C91CC1720F /* Pods_Duck_Duck_GoUITests.framework in Frameworks */ = {isa = PBXBuildFile; fileRef = E2A087B936556C1EB0C04B09 /* Pods_Duck_Duck_GoUITests.framework */; };
		D6DD0F41757EB27E658730C4 /* Pods_Duck_Duck_Go.framework in Frameworks */ = {isa = PBXBuildFile; fileRef = A2DFDAE0275DD416D1F2BF89 /* Pods_Duck_Duck_Go.framework */; };
		DD8D9F3DFE517A8E9939E21C /* Pods_Duck_Duck_GoTests.framework in Frameworks */ = {isa = PBXBuildFile; fileRef = B9A62376E0DD29FB783E137D /* Pods_Duck_Duck_GoTests.framework */; };
		EFD449EE20470EEF006C1E30 /* AppDelegate.swift in Sources */ = {isa = PBXBuildFile; fileRef = EFD449ED20470EEF006C1E30 /* AppDelegate.swift */; };
		EFD449F020470EEF006C1E30 /* MasterViewController.swift in Sources */ = {isa = PBXBuildFile; fileRef = EFD449EF20470EEF006C1E30 /* MasterViewController.swift */; };
		EFD449F220470EEF006C1E30 /* DetailViewController.swift in Sources */ = {isa = PBXBuildFile; fileRef = EFD449F120470EEF006C1E30 /* DetailViewController.swift */; };
		EFD449F520470EEF006C1E30 /* Main.storyboard in Resources */ = {isa = PBXBuildFile; fileRef = EFD449F320470EEF006C1E30 /* Main.storyboard */; };
		EFD449F720470EEF006C1E30 /* Assets.xcassets in Resources */ = {isa = PBXBuildFile; fileRef = EFD449F620470EEF006C1E30 /* Assets.xcassets */; };
		EFD449FA20470EEF006C1E30 /* LaunchScreen.storyboard in Resources */ = {isa = PBXBuildFile; fileRef = EFD449F820470EEF006C1E30 /* LaunchScreen.storyboard */; };
		EFD44A0520470EEF006C1E30 /* Duck_Duck_GoTests.swift in Sources */ = {isa = PBXBuildFile; fileRef = EFD44A0420470EEF006C1E30 /* Duck_Duck_GoTests.swift */; };
		EFD44A1020470EEF006C1E30 /* Duck_Duck_GoUITests.swift in Sources */ = {isa = PBXBuildFile; fileRef = EFD44A0F20470EEF006C1E30 /* Duck_Duck_GoUITests.swift */; };
		EFD44A1E204710E3006C1E30 /* ServiceManager.swift in Sources */ = {isa = PBXBuildFile; fileRef = EFD44A1D204710E3006C1E30 /* ServiceManager.swift */; };
		EFD44A2020471197006C1E30 /* Utility.swift in Sources */ = {isa = PBXBuildFile; fileRef = EFD44A1F20471197006C1E30 /* Utility.swift */; };
		EFD44A2220471245006C1E30 /* Environment.plist in Resources */ = {isa = PBXBuildFile; fileRef = EFD44A2120471245006C1E30 /* Environment.plist */; };
		EFD44A2420471350006C1E30 /* SearchResultModel.swift in Sources */ = {isa = PBXBuildFile; fileRef = EFD44A2320471350006C1E30 /* SearchResultModel.swift */; };
		EFD44A2E20471683006C1E30 /* Reachability.m in Sources */ = {isa = PBXBuildFile; fileRef = EFD44A2C20471683006C1E30 /* Reachability.m */; };
/* End PBXBuildFile section */

/* Begin PBXContainerItemProxy section */
		EFD44A0120470EEF006C1E30 /* PBXContainerItemProxy */ = {
			isa = PBXContainerItemProxy;
			containerPortal = EFD449E220470EEF006C1E30 /* Project object */;
			proxyType = 1;
			remoteGlobalIDString = EFD449E920470EEF006C1E30;
			remoteInfo = "Duck Duck Go";
		};
		EFD44A0C20470EEF006C1E30 /* PBXContainerItemProxy */ = {
			isa = PBXContainerItemProxy;
			containerPortal = EFD449E220470EEF006C1E30 /* Project object */;
			proxyType = 1;
			remoteGlobalIDString = EFD449E920470EEF006C1E30;
			remoteInfo = "Duck Duck Go";
		};
/* End PBXContainerItemProxy section */

/* Begin PBXFileReference section */
		47DCAAD3DFDFFA90C2A4B2DA /* Pods-Duck Duck Go.debug.xcconfig */ = {isa = PBXFileReference; includeInIndex = 1; lastKnownFileType = text.xcconfig; name = "Pods-Duck Duck Go.debug.xcconfig"; path = "Pods/Target Support Files/Pods-Duck Duck Go/Pods-Duck Duck Go.debug.xcconfig"; sourceTree = "<group>"; };
		A2DFDAE0275DD416D1F2BF89 /* Pods_Duck_Duck_Go.framework */ = {isa = PBXFileReference; explicitFileType = wrapper.framework; includeInIndex = 0; path = Pods_Duck_Duck_Go.framework; sourceTree = BUILT_PRODUCTS_DIR; };
		B256FF0932289F3B6BF907BE /* Pods-Duck Duck Go.release.xcconfig */ = {isa = PBXFileReference; includeInIndex = 1; lastKnownFileType = text.xcconfig; name = "Pods-Duck Duck Go.release.xcconfig"; path = "Pods/Target Support Files/Pods-Duck Duck Go/Pods-Duck Duck Go.release.xcconfig"; sourceTree = "<group>"; };
		B9A62376E0DD29FB783E137D /* Pods_Duck_Duck_GoTests.framework */ = {isa = PBXFileReference; explicitFileType = wrapper.framework; includeInIndex = 0; path = Pods_Duck_Duck_GoTests.framework; sourceTree = BUILT_PRODUCTS_DIR; };
		BC4FE9DE2C134946AF0BA7CD /* Pods-Duck Duck GoUITests.debug.xcconfig */ = {isa = PBXFileReference; includeInIndex = 1; lastKnownFileType = text.xcconfig; name = "Pods-Duck Duck GoUITests.debug.xcconfig"; path = "Pods/Target Support Files/Pods-Duck Duck GoUITests/Pods-Duck Duck GoUITests.debug.xcconfig"; sourceTree = "<group>"; };
		C3720D2B96E55D5605390D39 /* Pods-Duck Duck GoTests.debug.xcconfig */ = {isa = PBXFileReference; includeInIndex = 1; lastKnownFileType = text.xcconfig; name = "Pods-Duck Duck GoTests.debug.xcconfig"; path = "Pods/Target Support Files/Pods-Duck Duck GoTests/Pods-Duck Duck GoTests.debug.xcconfig"; sourceTree = "<group>"; };
		CB5201380C05F42F3F1062F1 /* Pods-Duck Duck GoTests.release.xcconfig */ = {isa = PBXFileReference; includeInIndex = 1; lastKnownFileType = text.xcconfig; name = "Pods-Duck Duck GoTests.release.xcconfig"; path = "Pods/Target Support Files/Pods-Duck Duck GoTests/Pods-Duck Duck GoTests.release.xcconfig"; sourceTree = "<group>"; };
		D488933105660CE15C139A9B /* Pods-Duck Duck GoUITests.release.xcconfig */ = {isa = PBXFileReference; includeInIndex = 1; lastKnownFileType = text.xcconfig; name = "Pods-Duck Duck GoUITests.release.xcconfig"; path = "Pods/Target Support Files/Pods-Duck Duck GoUITests/Pods-Duck Duck GoUITests.release.xcconfig"; sourceTree = "<group>"; };
		E2A087B936556C1EB0C04B09 /* Pods_Duck_Duck_GoUITests.framework */ = {isa = PBXFileReference; explicitFileType = wrapper.framework; includeInIndex = 0; path = Pods_Duck_Duck_GoUITests.framework; sourceTree = BUILT_PRODUCTS_DIR; };
		EFD449EA20470EEF006C1E30 /* Duck Duck Go.app */ = {isa = PBXFileReference; explicitFileType = wrapper.application; includeInIndex = 0; path = "Duck Duck Go.app"; sourceTree = BUILT_PRODUCTS_DIR; };
		EFD449ED20470EEF006C1E30 /* AppDelegate.swift */ = {isa = PBXFileReference; lastKnownFileType = sourcecode.swift; path = AppDelegate.swift; sourceTree = "<group>"; };
		EFD449EF20470EEF006C1E30 /* MasterViewController.swift */ = {isa = PBXFileReference; lastKnownFileType = sourcecode.swift; path = MasterViewController.swift; sourceTree = "<group>"; };
		EFD449F120470EEF006C1E30 /* DetailViewController.swift */ = {isa = PBXFileReference; lastKnownFileType = sourcecode.swift; path = DetailViewController.swift; sourceTree = "<group>"; };
		EFD449F420470EEF006C1E30 /* Base */ = {isa = PBXFileReference; lastKnownFileType = file.storyboard; name = Base; path = Base.lproj/Main.storyboard; sourceTree = "<group>"; };
		EFD449F620470EEF006C1E30 /* Assets.xcassets */ = {isa = PBXFileReference; lastKnownFileType = folder.assetcatalog; path = Assets.xcassets; sourceTree = "<group>"; };
		EFD449F920470EEF006C1E30 /* Base */ = {isa = PBXFileReference; lastKnownFileType = file.storyboard; name = Base; path = Base.lproj/LaunchScreen.storyboard; sourceTree = "<group>"; };
		EFD449FB20470EEF006C1E30 /* Info.plist */ = {isa = PBXFileReference; lastKnownFileType = text.plist.xml; path = Info.plist; sourceTree = "<group>"; };
		EFD44A0020470EEF006C1E30 /* Duck Duck GoTests.xctest */ = {isa = PBXFileReference; explicitFileType = wrapper.cfbundle; includeInIndex = 0; path = "Duck Duck GoTests.xctest"; sourceTree = BUILT_PRODUCTS_DIR; };
		EFD44A0420470EEF006C1E30 /* Duck_Duck_GoTests.swift */ = {isa = PBXFileReference; lastKnownFileType = sourcecode.swift; path = Duck_Duck_GoTests.swift; sourceTree = "<group>"; };
		EFD44A0620470EEF006C1E30 /* Info.plist */ = {isa = PBXFileReference; lastKnownFileType = text.plist.xml; path = Info.plist; sourceTree = "<group>"; };
		EFD44A0B20470EEF006C1E30 /* Duck Duck GoUITests.xctest */ = {isa = PBXFileReference; explicitFileType = wrapper.cfbundle; includeInIndex = 0; path = "Duck Duck GoUITests.xctest"; sourceTree = BUILT_PRODUCTS_DIR; };
		EFD44A0F20470EEF006C1E30 /* Duck_Duck_GoUITests.swift */ = {isa = PBXFileReference; lastKnownFileType = sourcecode.swift; path = Duck_Duck_GoUITests.swift; sourceTree = "<group>"; };
		EFD44A1120470EEF006C1E30 /* Info.plist */ = {isa = PBXFileReference; lastKnownFileType = text.plist.xml; path = Info.plist; sourceTree = "<group>"; };
		EFD44A1D204710E3006C1E30 /* ServiceManager.swift */ = {isa = PBXFileReference; lastKnownFileType = sourcecode.swift; path = ServiceManager.swift; sourceTree = "<group>"; };
		EFD44A1F20471197006C1E30 /* Utility.swift */ = {isa = PBXFileReference; lastKnownFileType = sourcecode.swift; path = Utility.swift; sourceTree = "<group>"; };
		EFD44A2120471245006C1E30 /* Environment.plist */ = {isa = PBXFileReference; fileEncoding = 4; lastKnownFileType = text.plist.xml; path = Environment.plist; sourceTree = "<group>"; };
		EFD44A2320471350006C1E30 /* SearchResultModel.swift */ = {isa = PBXFileReference; lastKnownFileType = sourcecode.swift; path = SearchResultModel.swift; sourceTree = "<group>"; };
		EFD44A2C20471683006C1E30 /* Reachability.m */ = {isa = PBXFileReference; fileEncoding = 4; lastKnownFileType = sourcecode.c.objc; name = Reachability.m; path = "Duck Duck Go/Reachability/Reachability.m"; sourceTree = SOURCE_ROOT; };
		EFD44A2D20471683006C1E30 /* Reachability.h */ = {isa = PBXFileReference; fileEncoding = 4; lastKnownFileType = sourcecode.c.h; name = Reachability.h; path = "Duck Duck Go/Reachability/Reachability.h"; sourceTree = SOURCE_ROOT; };
		EFD44A2F204716D9006C1E30 /* Duck Duck Go-Bridging-Header.h */ = {isa = PBXFileReference; lastKnownFileType = sourcecode.c.h; name = "Duck Duck Go-Bridging-Header.h"; path = "Duck Duck Go/Duck Duck Go-Bridging-Header.h"; sourceTree = SOURCE_ROOT; };
/* End PBXFileReference section */

/* Begin PBXFrameworksBuildPhase section */
		EFD449E720470EEF006C1E30 /* Frameworks */ = {
			isa = PBXFrameworksBuildPhase;
			buildActionMask = 2147483647;
			files = (
				D6DD0F41757EB27E658730C4 /* Pods_Duck_Duck_Go.framework in Frameworks */,
			);
			runOnlyForDeploymentPostprocessing = 0;
		};
		EFD449FD20470EEF006C1E30 /* Frameworks */ = {
			isa = PBXFrameworksBuildPhase;
			buildActionMask = 2147483647;
			files = (
				DD8D9F3DFE517A8E9939E21C /* Pods_Duck_Duck_GoTests.framework in Frameworks */,
			);
			runOnlyForDeploymentPostprocessing = 0;
		};
		EFD44A0820470EEF006C1E30 /* Frameworks */ = {
			isa = PBXFrameworksBuildPhase;
			buildActionMask = 2147483647;
			files = (
				2BCC434A38D644C91CC1720F /* Pods_Duck_Duck_GoUITests.framework in Frameworks */,
			);
			runOnlyForDeploymentPostprocessing = 0;
		};
/* End PBXFrameworksBuildPhase section */

/* Begin PBXGroup section */
		4B829E89EC72D3FEF04BCFB9 /* Pods */ = {
			isa = PBXGroup;
			children = (
				47DCAAD3DFDFFA90C2A4B2DA /* Pods-Duck Duck Go.debug.xcconfig */,
				B256FF0932289F3B6BF907BE /* Pods-Duck Duck Go.release.xcconfig */,
				C3720D2B96E55D5605390D39 /* Pods-Duck Duck GoTests.debug.xcconfig */,
				CB5201380C05F42F3F1062F1 /* Pods-Duck Duck GoTests.release.xcconfig */,
				BC4FE9DE2C134946AF0BA7CD /* Pods-Duck Duck GoUITests.debug.xcconfig */,
				D488933105660CE15C139A9B /* Pods-Duck Duck GoUITests.release.xcconfig */,
			);
			name = Pods;
			sourceTree = "<group>";
		};
		B3AB21888CDCD1FAEB41C854 /* Frameworks */ = {
			isa = PBXGroup;
			children = (
				A2DFDAE0275DD416D1F2BF89 /* Pods_Duck_Duck_Go.framework */,
				B9A62376E0DD29FB783E137D /* Pods_Duck_Duck_GoTests.framework */,
				E2A087B936556C1EB0C04B09 /* Pods_Duck_Duck_GoUITests.framework */,
			);
			name = Frameworks;
			sourceTree = "<group>";
		};
		EFD449E120470EEF006C1E30 = {
			isa = PBXGroup;
			children = (
				EFD449EC20470EEF006C1E30 /* Duck Duck Go */,
				EFD44A0320470EEF006C1E30 /* Duck Duck GoTests */,
				EFD44A0E20470EEF006C1E30 /* Duck Duck GoUITests */,
				EFD449EB20470EEF006C1E30 /* Products */,
				4B829E89EC72D3FEF04BCFB9 /* Pods */,
				B3AB21888CDCD1FAEB41C854 /* Frameworks */,
			);
			sourceTree = "<group>";
		};
		EFD449EB20470EEF006C1E30 /* Products */ = {
			isa = PBXGroup;
			children = (
				EFD449EA20470EEF006C1E30 /* Duck Duck Go.app */,
				EFD44A0020470EEF006C1E30 /* Duck Duck GoTests.xctest */,
				EFD44A0B20470EEF006C1E30 /* Duck Duck GoUITests.xctest */,
			);
			name = Products;
			sourceTree = "<group>";
		};
		EFD449EC20470EEF006C1E30 /* Duck Duck Go */ = {
			isa = PBXGroup;
			children = (
				EFD44A25204715C5006C1E30 /* Lib */,
				EFD44A2F204716D9006C1E30 /* Duck Duck Go-Bridging-Header.h */,
				EFD449ED20470EEF006C1E30 /* AppDelegate.swift */,
				EFD449EF20470EEF006C1E30 /* MasterViewController.swift */,
				EFD449F120470EEF006C1E30 /* DetailViewController.swift */,
				EFD449F320470EEF006C1E30 /* Main.storyboard */,
				EFD449F620470EEF006C1E30 /* Assets.xcassets */,
				EFD449F820470EEF006C1E30 /* LaunchScreen.storyboard */,
				EFD449FB20470EEF006C1E30 /* Info.plist */,
				EFD44A1D204710E3006C1E30 /* ServiceManager.swift */,
				EFD44A1F20471197006C1E30 /* Utility.swift */,
				EFD44A2120471245006C1E30 /* Environment.plist */,
				EFD44A2320471350006C1E30 /* SearchResultModel.swift */,
			);
			path = "Duck Duck Go";
			sourceTree = "<group>";
		};
		EFD44A0320470EEF006C1E30 /* Duck Duck GoTests */ = {
			isa = PBXGroup;
			children = (
				EFD44A0420470EEF006C1E30 /* Duck_Duck_GoTests.swift */,
				EFD44A0620470EEF006C1E30 /* Info.plist */,
			);
			path = "Duck Duck GoTests";
			sourceTree = "<group>";
		};
		EFD44A0E20470EEF006C1E30 /* Duck Duck GoUITests */ = {
			isa = PBXGroup;
			children = (
				EFD44A0F20470EEF006C1E30 /* Duck_Duck_GoUITests.swift */,
				EFD44A1120470EEF006C1E30 /* Info.plist */,
			);
			path = "Duck Duck GoUITests";
			sourceTree = "<group>";
		};
		EFD44A25204715C5006C1E30 /* Lib */ = {
			isa = PBXGroup;
			children = (
				EFD44A2B20471678006C1E30 /* Reachability */,
			);
			name = Lib;
			path = "New Group";
			sourceTree = "<group>";
		};
		EFD44A2B20471678006C1E30 /* Reachability */ = {
			isa = PBXGroup;
			children = (
				EFD44A2D20471683006C1E30 /* Reachability.h */,
				EFD44A2C20471683006C1E30 /* Reachability.m */,
			);
			path = Reachability;
			sourceTree = "<group>";
		};
/* End PBXGroup section */

/* Begin PBXNativeTarget section */
		EFD449E920470EEF006C1E30 /* Duck Duck Go */ = {
			isa = PBXNativeTarget;
			buildConfigurationList = EFD44A1420470EEF006C1E30 /* Build configuration list for PBXNativeTarget "Duck Duck Go" */;
			buildPhases = (
				A2E814F02FA361A6F9AFBA69 /* [CP] Check Pods Manifest.lock */,
				EFD449E620470EEF006C1E30 /* Sources */,
				EFD449E720470EEF006C1E30 /* Frameworks */,
				EFD449E820470EEF006C1E30 /* Resources */,
				D7B9A75CC3060BD3425707F9 /* [CP] Embed Pods Frameworks */,
				27C5C09D3B6EA0408600A776 /* [CP] Copy Pods Resources */,
			);
			buildRules = (
			);
			dependencies = (
			);
			name = "Duck Duck Go";
			productName = "Duck Duck Go";
			productReference = EFD449EA20470EEF006C1E30 /* Duck Duck Go.app */;
			productType = "com.apple.product-type.application";
		};
		EFD449FF20470EEF006C1E30 /* Duck Duck GoTests */ = {
			isa = PBXNativeTarget;
			buildConfigurationList = EFD44A1720470EEF006C1E30 /* Build configuration list for PBXNativeTarget "Duck Duck GoTests" */;
			buildPhases = (
				A6E054F69C9C8F15FEF5523B /* [CP] Check Pods Manifest.lock */,
				EFD449FC20470EEF006C1E30 /* Sources */,
				EFD449FD20470EEF006C1E30 /* Frameworks */,
				EFD449FE20470EEF006C1E30 /* Resources */,
				77F902140CDB69D1EBC63043 /* [CP] Embed Pods Frameworks */,
				C17B71E60DC092065A05A761 /* [CP] Copy Pods Resources */,
			);
			buildRules = (
			);
			dependencies = (
				EFD44A0220470EEF006C1E30 /* PBXTargetDependency */,
			);
			name = "Duck Duck GoTests";
			productName = "Duck Duck GoTests";
			productReference = EFD44A0020470EEF006C1E30 /* Duck Duck GoTests.xctest */;
			productType = "com.apple.product-type.bundle.unit-test";
		};
		EFD44A0A20470EEF006C1E30 /* Duck Duck GoUITests */ = {
			isa = PBXNativeTarget;
			buildConfigurationList = EFD44A1A20470EEF006C1E30 /* Build configuration list for PBXNativeTarget "Duck Duck GoUITests" */;
			buildPhases = (
				CD9C1026086C1B5EA3832F63 /* [CP] Check Pods Manifest.lock */,
				EFD44A0720470EEF006C1E30 /* Sources */,
				EFD44A0820470EEF006C1E30 /* Frameworks */,
				EFD44A0920470EEF006C1E30 /* Resources */,
				A227BCB3ED9DFEB0188A795B /* [CP] Embed Pods Frameworks */,
				1A7BEAF6765BBC30076D5FDC /* [CP] Copy Pods Resources */,
			);
			buildRules = (
			);
			dependencies = (
				EFD44A0D20470EEF006C1E30 /* PBXTargetDependency */,
			);
			name = "Duck Duck GoUITests";
			productName = "Duck Duck GoUITests";
			productReference = EFD44A0B20470EEF006C1E30 /* Duck Duck GoUITests.xctest */;
			productType = "com.apple.product-type.bundle.ui-testing";
		};
/* End PBXNativeTarget section */

/* Begin PBXProject section */
		EFD449E220470EEF006C1E30 /* Project object */ = {
			isa = PBXProject;
			attributes = {
				LastSwiftUpdateCheck = 0920;
				LastUpgradeCheck = 0920;
				ORGANIZATIONNAME = Ossum;
				TargetAttributes = {
					EFD449E920470EEF006C1E30 = {
						CreatedOnToolsVersion = 9.2;
						LastSwiftMigration = 0920;
						ProvisioningStyle = Automatic;
					};
					EFD449FF20470EEF006C1E30 = {
						CreatedOnToolsVersion = 9.2;
						ProvisioningStyle = Automatic;
						TestTargetID = EFD449E920470EEF006C1E30;
					};
					EFD44A0A20470EEF006C1E30 = {
						CreatedOnToolsVersion = 9.2;
						ProvisioningStyle = Automatic;
						TestTargetID = EFD449E920470EEF006C1E30;
					};
				};
			};
			buildConfigurationList = EFD449E520470EEF006C1E30 /* Build configuration list for PBXProject "Duck Duck Go" */;
			compatibilityVersion = "Xcode 8.0";
			developmentRegion = en;
			hasScannedForEncodings = 0;
			knownRegions = (
				en,
				Base,
			);
			mainGroup = EFD449E120470EEF006C1E30;
			productRefGroup = EFD449EB20470EEF006C1E30 /* Products */;
			projectDirPath = "";
			projectRoot = "";
			targets = (
				EFD449E920470EEF006C1E30 /* Duck Duck Go */,
				EFD449FF20470EEF006C1E30 /* Duck Duck GoTests */,
				EFD44A0A20470EEF006C1E30 /* Duck Duck GoUITests */,
			);
		};
/* End PBXProject section */

/* Begin PBXResourcesBuildPhase section */
		EFD449E820470EEF006C1E30 /* Resources */ = {
			isa = PBXResourcesBuildPhase;
			buildActionMask = 2147483647;
			files = (
				EFD44A2220471245006C1E30 /* Environment.plist in Resources */,
				EFD449FA20470EEF006C1E30 /* LaunchScreen.storyboard in Resources */,
				EFD449F720470EEF006C1E30 /* Assets.xcassets in Resources */,
				EFD449F520470EEF006C1E30 /* Main.storyboard in Resources */,
			);
			runOnlyForDeploymentPostprocessing = 0;
		};
		EFD449FE20470EEF006C1E30 /* Resources */ = {
			isa = PBXResourcesBuildPhase;
			buildActionMask = 2147483647;
			files = (
			);
			runOnlyForDeploymentPostprocessing = 0;
		};
		EFD44A0920470EEF006C1E30 /* Resources */ = {
			isa = PBXResourcesBuildPhase;
			buildActionMask = 2147483647;
			files = (
			);
			runOnlyForDeploymentPostprocessing = 0;
		};
/* End PBXResourcesBuildPhase section */

/* Begin PBXShellScriptBuildPhase section */
		1A7BEAF6765BBC30076D5FDC /* [CP] Copy Pods Resources */ = {
			isa = PBXShellScriptBuildPhase;
			buildActionMask = 2147483647;
			files = (
			);
			inputPaths = (
			);
			name = "[CP] Copy Pods Resources";
			outputPaths = (
			);
			runOnlyForDeploymentPostprocessing = 0;
			shellPath = /bin/sh;
			shellScript = "\"${SRCROOT}/Pods/Target Support Files/Pods-Duck Duck GoUITests/Pods-Duck Duck GoUITests-resources.sh\"\n";
			showEnvVarsInLog = 0;
		};
		27C5C09D3B6EA0408600A776 /* [CP] Copy Pods Resources */ = {
			isa = PBXShellScriptBuildPhase;
			buildActionMask = 2147483647;
			files = (
			);
			inputPaths = (
			);
			name = "[CP] Copy Pods Resources";
			outputPaths = (
			);
			runOnlyForDeploymentPostprocessing = 0;
			shellPath = /bin/sh;
			shellScript = "\"${SRCROOT}/Pods/Target Support Files/Pods-Duck Duck Go/Pods-Duck Duck Go-resources.sh\"\n";
			showEnvVarsInLog = 0;
		};
		77F902140CDB69D1EBC63043 /* [CP] Embed Pods Frameworks */ = {
			isa = PBXShellScriptBuildPhase;
			buildActionMask = 2147483647;
			files = (
			);
			inputPaths = (
			);
			name = "[CP] Embed Pods Frameworks";
			outputPaths = (
			);
			runOnlyForDeploymentPostprocessing = 0;
			shellPath = /bin/sh;
			shellScript = "\"${SRCROOT}/Pods/Target Support Files/Pods-Duck Duck GoTests/Pods-Duck Duck GoTests-frameworks.sh\"\n";
			showEnvVarsInLog = 0;
		};
		A227BCB3ED9DFEB0188A795B /* [CP] Embed Pods Frameworks */ = {
			isa = PBXShellScriptBuildPhase;
			buildActionMask = 2147483647;
			files = (
			);
			inputPaths = (
			);
			name = "[CP] Embed Pods Frameworks";
			outputPaths = (
			);
			runOnlyForDeploymentPostprocessing = 0;
			shellPath = /bin/sh;
			shellScript = "\"${SRCROOT}/Pods/Target Support Files/Pods-Duck Duck GoUITests/Pods-Duck Duck GoUITests-frameworks.sh\"\n";
			showEnvVarsInLog = 0;
		};
		A2E814F02FA361A6F9AFBA69 /* [CP] Check Pods Manifest.lock */ = {
			isa = PBXShellScriptBuildPhase;
			buildActionMask = 2147483647;
			files = (
			);
			inputPaths = (
				"${PODS_PODFILE_DIR_PATH}/Podfile.lock",
				"${PODS_ROOT}/Manifest.lock",
			);
			name = "[CP] Check Pods Manifest.lock";
			outputPaths = (
				"$(DERIVED_FILE_DIR)/Pods-Duck Duck Go-checkManifestLockResult.txt",
			);
			runOnlyForDeploymentPostprocessing = 0;
			shellPath = /bin/sh;
			shellScript = "diff \"${PODS_PODFILE_DIR_PATH}/Podfile.lock\" \"${PODS_ROOT}/Manifest.lock\" > /dev/null\nif [ $? != 0 ] ; then\n    # print error to STDERR\n    echo \"error: The sandbox is not in sync with the Podfile.lock. Run 'pod install' or update your CocoaPods installation.\" >&2\n    exit 1\nfi\n# This output is used by Xcode 'outputs' to avoid re-running this script phase.\necho \"SUCCESS\" > \"${SCRIPT_OUTPUT_FILE_0}\"\n";
			showEnvVarsInLog = 0;
		};
		A6E054F69C9C8F15FEF5523B /* [CP] Check Pods Manifest.lock */ = {
			isa = PBXShellScriptBuildPhase;
			buildActionMask = 2147483647;
			files = (
			);
			inputPaths = (
				"${PODS_PODFILE_DIR_PATH}/Podfile.lock",
				"${PODS_ROOT}/Manifest.lock",
			);
			name = "[CP] Check Pods Manifest.lock";
			outputPaths = (
				"$(DERIVED_FILE_DIR)/Pods-Duck Duck GoTests-checkManifestLockResult.txt",
			);
			runOnlyForDeploymentPostprocessing = 0;
			shellPath = /bin/sh;
			shellScript = "diff \"${PODS_PODFILE_DIR_PATH}/Podfile.lock\" \"${PODS_ROOT}/Manifest.lock\" > /dev/null\nif [ $? != 0 ] ; then\n    # print error to STDERR\n    echo \"error: The sandbox is not in sync with the Podfile.lock. Run 'pod install' or update your CocoaPods installation.\" >&2\n    exit 1\nfi\n# This output is used by Xcode 'outputs' to avoid re-running this script phase.\necho \"SUCCESS\" > \"${SCRIPT_OUTPUT_FILE_0}\"\n";
			showEnvVarsInLog = 0;
		};
		C17B71E60DC092065A05A761 /* [CP] Copy Pods Resources */ = {
			isa = PBXShellScriptBuildPhase;
			buildActionMask = 2147483647;
			files = (
			);
			inputPaths = (
			);
			name = "[CP] Copy Pods Resources";
			outputPaths = (
			);
			runOnlyForDeploymentPostprocessing = 0;
			shellPath = /bin/sh;
			shellScript = "\"${SRCROOT}/Pods/Target Support Files/Pods-Duck Duck GoTests/Pods-Duck Duck GoTests-resources.sh\"\n";
			showEnvVarsInLog = 0;
		};
		CD9C1026086C1B5EA3832F63 /* [CP] Check Pods Manifest.lock */ = {
			isa = PBXShellScriptBuildPhase;
			buildActionMask = 2147483647;
			files = (
			);
			inputPaths = (
				"${PODS_PODFILE_DIR_PATH}/Podfile.lock",
				"${PODS_ROOT}/Manifest.lock",
			);
			name = "[CP] Check Pods Manifest.lock";
			outputPaths = (
				"$(DERIVED_FILE_DIR)/Pods-Duck Duck GoUITests-checkManifestLockResult.txt",
			);
			runOnlyForDeploymentPostprocessing = 0;
			shellPath = /bin/sh;
			shellScript = "diff \"${PODS_PODFILE_DIR_PATH}/Podfile.lock\" \"${PODS_ROOT}/Manifest.lock\" > /dev/null\nif [ $? != 0 ] ; then\n    # print error to STDERR\n    echo \"error: The sandbox is not in sync with the Podfile.lock. Run 'pod install' or update your CocoaPods installation.\" >&2\n    exit 1\nfi\n# This output is used by Xcode 'outputs' to avoid re-running this script phase.\necho \"SUCCESS\" > \"${SCRIPT_OUTPUT_FILE_0}\"\n";
			showEnvVarsInLog = 0;
		};
		D7B9A75CC3060BD3425707F9 /* [CP] Embed Pods Frameworks */ = {
			isa = PBXShellScriptBuildPhase;
			buildActionMask = 2147483647;
			files = (
			);
			inputPaths = (
				"${SRCROOT}/Pods/Target Support Files/Pods-Duck Duck Go/Pods-Duck Duck Go-frameworks.sh",
				"${BUILT_PRODUCTS_DIR}/Alamofire/Alamofire.framework",
			);
			name = "[CP] Embed Pods Frameworks";
			outputPaths = (
				"${TARGET_BUILD_DIR}/${FRAMEWORKS_FOLDER_PATH}/Alamofire.framework",
			);
			runOnlyForDeploymentPostprocessing = 0;
			shellPath = /bin/sh;
			shellScript = "\"${SRCROOT}/Pods/Target Support Files/Pods-Duck Duck Go/Pods-Duck Duck Go-frameworks.sh\"\n";
			showEnvVarsInLog = 0;
		};
/* End PBXShellScriptBuildPhase section */

/* Begin PBXSourcesBuildPhase section */
		EFD449E620470EEF006C1E30 /* Sources */ = {
			isa = PBXSourcesBuildPhase;
			buildActionMask = 2147483647;
			files = (
				EFD44A2020471197006C1E30 /* Utility.swift in Sources */,
				EFD44A1E204710E3006C1E30 /* ServiceManager.swift in Sources */,
				EFD44A2420471350006C1E30 /* SearchResultModel.swift in Sources */,
				EFD44A2E20471683006C1E30 /* Reachability.m in Sources */,
				EFD449F220470EEF006C1E30 /* DetailViewController.swift in Sources */,
				EFD449F020470EEF006C1E30 /* MasterViewController.swift in Sources */,
				EFD449EE20470EEF006C1E30 /* AppDelegate.swift in Sources */,
			);
			runOnlyForDeploymentPostprocessing = 0;
		};
		EFD449FC20470EEF006C1E30 /* Sources */ = {
			isa = PBXSourcesBuildPhase;
			buildActionMask = 2147483647;
			files = (
				EFD44A0520470EEF006C1E30 /* Duck_Duck_GoTests.swift in Sources */,
			);
			runOnlyForDeploymentPostprocessing = 0;
		};
		EFD44A0720470EEF006C1E30 /* Sources */ = {
			isa = PBXSourcesBuildPhase;
			buildActionMask = 2147483647;
			files = (
				EFD44A1020470EEF006C1E30 /* Duck_Duck_GoUITests.swift in Sources */,
			);
			runOnlyForDeploymentPostprocessing = 0;
		};
/* End PBXSourcesBuildPhase section */

/* Begin PBXTargetDependency section */
		EFD44A0220470EEF006C1E30 /* PBXTargetDependency */ = {
			isa = PBXTargetDependency;
			target = EFD449E920470EEF006C1E30 /* Duck Duck Go */;
			targetProxy = EFD44A0120470EEF006C1E30 /* PBXContainerItemProxy */;
		};
		EFD44A0D20470EEF006C1E30 /* PBXTargetDependency */ = {
			isa = PBXTargetDependency;
			target = EFD449E920470EEF006C1E30 /* Duck Duck Go */;
			targetProxy = EFD44A0C20470EEF006C1E30 /* PBXContainerItemProxy */;
		};
/* End PBXTargetDependency section */

/* Begin PBXVariantGroup section */
		EFD449F320470EEF006C1E30 /* Main.storyboard */ = {
			isa = PBXVariantGroup;
			children = (
				EFD449F420470EEF006C1E30 /* Base */,
			);
			name = Main.storyboard;
			sourceTree = "<group>";
		};
		EFD449F820470EEF006C1E30 /* LaunchScreen.storyboard */ = {
			isa = PBXVariantGroup;
			children = (
				EFD449F920470EEF006C1E30 /* Base */,
			);
			name = LaunchScreen.storyboard;
			sourceTree = "<group>";
		};
/* End PBXVariantGroup section */

/* Begin XCBuildConfiguration section */
		EFD44A1220470EEF006C1E30 /* Debug */ = {
			isa = XCBuildConfiguration;
			buildSettings = {
				ALWAYS_SEARCH_USER_PATHS = NO;
				CLANG_ANALYZER_NONNULL = YES;
				CLANG_ANALYZER_NUMBER_OBJECT_CONVERSION = YES_AGGRESSIVE;
				CLANG_CXX_LANGUAGE_STANDARD = "gnu++14";
				CLANG_CXX_LIBRARY = "libc++";
				CLANG_ENABLE_MODULES = YES;
				CLANG_ENABLE_OBJC_ARC = YES;
				CLANG_WARN_BLOCK_CAPTURE_AUTORELEASING = YES;
				CLANG_WARN_BOOL_CONVERSION = YES;
				CLANG_WARN_COMMA = YES;
				CLANG_WARN_CONSTANT_CONVERSION = YES;
				CLANG_WARN_DIRECT_OBJC_ISA_USAGE = YES_ERROR;
				CLANG_WARN_DOCUMENTATION_COMMENTS = YES;
				CLANG_WARN_EMPTY_BODY = YES;
				CLANG_WARN_ENUM_CONVERSION = YES;
				CLANG_WARN_INFINITE_RECURSION = YES;
				CLANG_WARN_INT_CONVERSION = YES;
				CLANG_WARN_NON_LITERAL_NULL_CONVERSION = YES;
				CLANG_WARN_OBJC_LITERAL_CONVERSION = YES;
				CLANG_WARN_OBJC_ROOT_CLASS = YES_ERROR;
				CLANG_WARN_RANGE_LOOP_ANALYSIS = YES;
				CLANG_WARN_STRICT_PROTOTYPES = YES;
				CLANG_WARN_SUSPICIOUS_MOVE = YES;
				CLANG_WARN_UNGUARDED_AVAILABILITY = YES_AGGRESSIVE;
				CLANG_WARN_UNREACHABLE_CODE = YES;
				CLANG_WARN__DUPLICATE_METHOD_MATCH = YES;
				CODE_SIGN_IDENTITY = "iPhone Developer";
				COPY_PHASE_STRIP = NO;
				DEBUG_INFORMATION_FORMAT = dwarf;
				ENABLE_STRICT_OBJC_MSGSEND = YES;
				ENABLE_TESTABILITY = YES;
				GCC_C_LANGUAGE_STANDARD = gnu11;
				GCC_DYNAMIC_NO_PIC = NO;
				GCC_NO_COMMON_BLOCKS = YES;
				GCC_OPTIMIZATION_LEVEL = 0;
				GCC_PREPROCESSOR_DEFINITIONS = (
					"DEBUG=1",
					"$(inherited)",
				);
				GCC_WARN_64_TO_32_BIT_CONVERSION = YES;
				GCC_WARN_ABOUT_RETURN_TYPE = YES_ERROR;
				GCC_WARN_UNDECLARED_SELECTOR = YES;
				GCC_WARN_UNINITIALIZED_AUTOS = YES_AGGRESSIVE;
				GCC_WARN_UNUSED_FUNCTION = YES;
				GCC_WARN_UNUSED_VARIABLE = YES;
				IPHONEOS_DEPLOYMENT_TARGET = 11.2;
				MTL_ENABLE_DEBUG_INFO = YES;
				ONLY_ACTIVE_ARCH = YES;
				SDKROOT = iphoneos;
				SWIFT_ACTIVE_COMPILATION_CONDITIONS = DEBUG;
				SWIFT_OPTIMIZATION_LEVEL = "-Onone";
			};
			name = Debug;
		};
		EFD44A1320470EEF006C1E30 /* Release */ = {
			isa = XCBuildConfiguration;
			buildSettings = {
				ALWAYS_SEARCH_USER_PATHS = NO;
				CLANG_ANALYZER_NONNULL = YES;
				CLANG_ANALYZER_NUMBER_OBJECT_CONVERSION = YES_AGGRESSIVE;
				CLANG_CXX_LANGUAGE_STANDARD = "gnu++14";
				CLANG_CXX_LIBRARY = "libc++";
				CLANG_ENABLE_MODULES = YES;
				CLANG_ENABLE_OBJC_ARC = YES;
				CLANG_WARN_BLOCK_CAPTURE_AUTORELEASING = YES;
				CLANG_WARN_BOOL_CONVERSION = YES;
				CLANG_WARN_COMMA = YES;
				CLANG_WARN_CONSTANT_CONVERSION = YES;
				CLANG_WARN_DIRECT_OBJC_ISA_USAGE = YES_ERROR;
				CLANG_WARN_DOCUMENTATION_COMMENTS = YES;
				CLANG_WARN_EMPTY_BODY = YES;
				CLANG_WARN_ENUM_CONVERSION = YES;
				CLANG_WARN_INFINITE_RECURSION = YES;
				CLANG_WARN_INT_CONVERSION = YES;
				CLANG_WARN_NON_LITERAL_NULL_CONVERSION = YES;
				CLANG_WARN_OBJC_LITERAL_CONVERSION = YES;
				CLANG_WARN_OBJC_ROOT_CLASS = YES_ERROR;
				CLANG_WARN_RANGE_LOOP_ANALYSIS = YES;
				CLANG_WARN_STRICT_PROTOTYPES = YES;
				CLANG_WARN_SUSPICIOUS_MOVE = YES;
				CLANG_WARN_UNGUARDED_AVAILABILITY = YES_AGGRESSIVE;
				CLANG_WARN_UNREACHABLE_CODE = YES;
				CLANG_WARN__DUPLICATE_METHOD_MATCH = YES;
				CODE_SIGN_IDENTITY = "iPhone Developer";
				COPY_PHASE_STRIP = NO;
				DEBUG_INFORMATION_FORMAT = "dwarf-with-dsym";
				ENABLE_NS_ASSERTIONS = NO;
				ENABLE_STRICT_OBJC_MSGSEND = YES;
				GCC_C_LANGUAGE_STANDARD = gnu11;
				GCC_NO_COMMON_BLOCKS = YES;
				GCC_WARN_64_TO_32_BIT_CONVERSION = YES;
				GCC_WARN_ABOUT_RETURN_TYPE = YES_ERROR;
				GCC_WARN_UNDECLARED_SELECTOR = YES;
				GCC_WARN_UNINITIALIZED_AUTOS = YES_AGGRESSIVE;
				GCC_WARN_UNUSED_FUNCTION = YES;
				GCC_WARN_UNUSED_VARIABLE = YES;
				IPHONEOS_DEPLOYMENT_TARGET = 11.2;
				MTL_ENABLE_DEBUG_INFO = NO;
				SDKROOT = iphoneos;
				SWIFT_OPTIMIZATION_LEVEL = "-Owholemodule";
				VALIDATE_PRODUCT = YES;
			};
			name = Release;
		};
		EFD44A1520470EEF006C1E30 /* Debug */ = {
			isa = XCBuildConfiguration;
			baseConfigurationReference = 47DCAAD3DFDFFA90C2A4B2DA /* Pods-Duck Duck Go.debug.xcconfig */;
			buildSettings = {
				ASSETCATALOG_COMPILER_APPICON_NAME = AppIcon;
				CLANG_ENABLE_MODULES = YES;
				CODE_SIGN_STYLE = Automatic;
				DEVELOPMENT_TEAM = HX7S377P6E;
				INFOPLIST_FILE = "Duck Duck Go/Info.plist";
				LD_RUNPATH_SEARCH_PATHS = "$(inherited) @executable_path/Frameworks";
				PRODUCT_BUNDLE_IDENTIFIER = "com.ossum.Duck-Duck-Go";
				PRODUCT_NAME = "$(TARGET_NAME)";
				SWIFT_OBJC_BRIDGING_HEADER = "Duck Duck Go/Duck Duck Go-Bridging-Header.h";
				SWIFT_OPTIMIZATION_LEVEL = "-Onone";
				SWIFT_VERSION = 4.0;
				TARGETED_DEVICE_FAMILY = "1,2";
			};
			name = Debug;
		};
		EFD44A1620470EEF006C1E30 /* Release */ = {
			isa = XCBuildConfiguration;
			baseConfigurationReference = B256FF0932289F3B6BF907BE /* Pods-Duck Duck Go.release.xcconfig */;
			buildSettings = {
				ASSETCATALOG_COMPILER_APPICON_NAME = AppIcon;
				CLANG_ENABLE_MODULES = YES;
				CODE_SIGN_STYLE = Automatic;
				DEVELOPMENT_TEAM = HX7S377P6E;
				INFOPLIST_FILE = "Duck Duck Go/Info.plist";
				LD_RUNPATH_SEARCH_PATHS = "$(inherited) @executable_path/Frameworks";
				PRODUCT_BUNDLE_IDENTIFIER = "com.ossum.Duck-Duck-Go";
				PRODUCT_NAME = "$(TARGET_NAME)";
				SWIFT_OBJC_BRIDGING_HEADER = "Duck Duck Go/Duck Duck Go-Bridging-Header.h";
				SWIFT_VERSION = 4.0;
				TARGETED_DEVICE_FAMILY = "1,2";
			};
			name = Release;
		};
		EFD44A1820470EEF006C1E30 /* Debug */ = {
			isa = XCBuildConfiguration;
			baseConfigurationReference = C3720D2B96E55D5605390D39 /* Pods-Duck Duck GoTests.debug.xcconfig */;
			buildSettings = {
				ALWAYS_EMBED_SWIFT_STANDARD_LIBRARIES = YES;
				BUNDLE_LOADER = "$(TEST_HOST)";
				CODE_SIGN_STYLE = Automatic;
				DEVELOPMENT_TEAM = HX7S377P6E;
				INFOPLIST_FILE = "Duck Duck GoTests/Info.plist";
				LD_RUNPATH_SEARCH_PATHS = "$(inherited) @executable_path/Frameworks @loader_path/Frameworks";
				PRODUCT_BUNDLE_IDENTIFIER = "com.ossum.Duck-Duck-GoTests";
				PRODUCT_NAME = "$(TARGET_NAME)";
				SWIFT_VERSION = 4.0;
				TARGETED_DEVICE_FAMILY = "1,2";
				TEST_HOST = "$(BUILT_PRODUCTS_DIR)/Duck Duck Go.app/Duck Duck Go";
			};
			name = Debug;
		};
		EFD44A1920470EEF006C1E30 /* Release */ = {
			isa = XCBuildConfiguration;
			baseConfigurationReference = CB5201380C05F42F3F1062F1 /* Pods-Duck Duck GoTests.release.xcconfig */;
			buildSettings = {
				ALWAYS_EMBED_SWIFT_STANDARD_LIBRARIES = YES;
				BUNDLE_LOADER = "$(TEST_HOST)";
				CODE_SIGN_STYLE = Automatic;
				DEVELOPMENT_TEAM = HX7S377P6E;
				INFOPLIST_FILE = "Duck Duck GoTests/Info.plist";
				LD_RUNPATH_SEARCH_PATHS = "$(inherited) @executable_path/Frameworks @loader_path/Frameworks";
				PRODUCT_BUNDLE_IDENTIFIER = "com.ossum.Duck-Duck-GoTests";
				PRODUCT_NAME = "$(TARGET_NAME)";
				SWIFT_VERSION = 4.0;
				TARGETED_DEVICE_FAMILY = "1,2";
				TEST_HOST = "$(BUILT_PRODUCTS_DIR)/Duck Duck Go.app/Duck Duck Go";
			};
			name = Release;
		};
		EFD44A1B20470EEF006C1E30 /* Debug */ = {
			isa = XCBuildConfiguration;
			baseConfigurationReference = BC4FE9DE2C134946AF0BA7CD /* Pods-Duck Duck GoUITests.debug.xcconfig */;
			buildSettings = {
				ALWAYS_EMBED_SWIFT_STANDARD_LIBRARIES = YES;
				CODE_SIGN_STYLE = Automatic;
				DEVELOPMENT_TEAM = HX7S377P6E;
				INFOPLIST_FILE = "Duck Duck GoUITests/Info.plist";
				LD_RUNPATH_SEARCH_PATHS = "$(inherited) @executable_path/Frameworks @loader_path/Frameworks";
				PRODUCT_BUNDLE_IDENTIFIER = "com.ossum.Duck-Duck-GoUITests";
				PRODUCT_NAME = "$(TARGET_NAME)";
				SWIFT_VERSION = 4.0;
				TARGETED_DEVICE_FAMILY = "1,2";
				TEST_TARGET_NAME = "Duck Duck Go";
			};
			name = Debug;
		};
		EFD44A1C20470EEF006C1E30 /* Release */ = {
			isa = XCBuildConfiguration;
			baseConfigurationReference = D488933105660CE15C139A9B /* Pods-Duck Duck GoUITests.release.xcconfig */;
			buildSettings = {
				ALWAYS_EMBED_SWIFT_STANDARD_LIBRARIES = YES;
				CODE_SIGN_STYLE = Automatic;
				DEVELOPMENT_TEAM = HX7S377P6E;
				INFOPLIST_FILE = "Duck Duck GoUITests/Info.plist";
				LD_RUNPATH_SEARCH_PATHS = "$(inherited) @executable_path/Frameworks @loader_path/Frameworks";
				PRODUCT_BUNDLE_IDENTIFIER = "com.ossum.Duck-Duck-GoUITests";
				PRODUCT_NAME = "$(TARGET_NAME)";
				SWIFT_VERSION = 4.0;
				TARGETED_DEVICE_FAMILY = "1,2";
				TEST_TARGET_NAME = "Duck Duck Go";
			};
			name = Release;
		};
/* End XCBuildConfiguration section */

/* Begin XCConfigurationList section */
		EFD449E520470EEF006C1E30 /* Build configuration list for PBXProject "Duck Duck Go" */ = {
			isa = XCConfigurationList;
			buildConfigurations = (
				EFD44A1220470EEF006C1E30 /* Debug */,
				EFD44A1320470EEF006C1E30 /* Release */,
			);
			defaultConfigurationIsVisible = 0;
			defaultConfigurationName = Release;
		};
		EFD44A1420470EEF006C1E30 /* Build configuration list for PBXNativeTarget "Duck Duck Go" */ = {
			isa = XCConfigurationList;
			buildConfigurations = (
				EFD44A1520470EEF006C1E30 /* Debug */,
				EFD44A1620470EEF006C1E30 /* Release */,
			);
			defaultConfigurationIsVisible = 0;
			defaultConfigurationName = Release;
		};
		EFD44A1720470EEF006C1E30 /* Build configuration list for PBXNativeTarget "Duck Duck GoTests" */ = {
			isa = XCConfigurationList;
			buildConfigurations = (
				EFD44A1820470EEF006C1E30 /* Debug */,
				EFD44A1920470EEF006C1E30 /* Release */,
			);
			defaultConfigurationIsVisible = 0;
			defaultConfigurationName = Release;
		};
		EFD44A1A20470EEF006C1E30 /* Build configuration list for PBXNativeTarget "Duck Duck GoUITests" */ = {
			isa = XCConfigurationList;
			buildConfigurations = (
				EFD44A1B20470EEF006C1E30 /* Debug */,
				EFD44A1C20470EEF006C1E30 /* Release */,
			);
			defaultConfigurationIsVisible = 0;
			defaultConfigurationName = Release;
		};
/* End XCConfigurationList section */
	};
	rootObject = EFD449E220470EEF006C1E30 /* Project object */;
}
